// !$*UTF8*$!
{
	archiveVersion = 1;
	classes = {
	};
	objectVersion = 77;
	objects = {

/* Begin PBXBuildFile section */
		93E4819B2D79F8E10033AB7B /* .gitignore in Resources */ = {isa = PBXBuildFile; fileRef = 93E4819A2D79F8D10033AB7B /* .gitignore */; };
/* End PBXBuildFile section */

/* Begin PBXContainerItemProxy section */
		93649A982D70D18500BA3B53 /* PBXContainerItemProxy */ = {
			isa = PBXContainerItemProxy;
			containerPortal = 93649A7F2D70D18400BA3B53 /* Project object */;
			proxyType = 1;
			remoteGlobalIDString = 93649A862D70D18400BA3B53;
			remoteInfo = "Check My Meds";
		};
		93649AA22D70D18500BA3B53 /* PBXContainerItemProxy */ = {
			isa = PBXContainerItemProxy;
			containerPortal = 93649A7F2D70D18400BA3B53 /* Project object */;
			proxyType = 1;
			remoteGlobalIDString = 93649A862D70D18400BA3B53;
			remoteInfo = "Check My Meds";
		};
/* End PBXContainerItemProxy section */

/* Begin PBXFileReference section */
		93649A872D70D18400BA3B53 /* Check My Meds.app */ = {isa = PBXFileReference; explicitFileType = wrapper.application; includeInIndex = 0; path = "Check My Meds.app"; sourceTree = BUILT_PRODUCTS_DIR; };
		93649A972D70D18500BA3B53 /* Check My MedsTests.xctest */ = {isa = PBXFileReference; explicitFileType = wrapper.cfbundle; includeInIndex = 0; path = "Check My MedsTests.xctest"; sourceTree = BUILT_PRODUCTS_DIR; };
		93649AA12D70D18500BA3B53 /* Check My MedsUITests.xctest */ = {isa = PBXFileReference; explicitFileType = wrapper.cfbundle; includeInIndex = 0; path = "Check My MedsUITests.xctest"; sourceTree = BUILT_PRODUCTS_DIR; };
		93E4819A2D79F8D10033AB7B /* .gitignore */ = {isa = PBXFileReference; lastKnownFileType = text; path = .gitignore; sourceTree = "<group>"; };
/* End PBXFileReference section */

/* Begin PBXFileSystemSynchronizedRootGroup section */
		93649A892D70D18400BA3B53 /* Check My Meds */ = {
			isa = PBXFileSystemSynchronizedRootGroup;
			path = "Check My Meds";
			sourceTree = "<group>";
		};
		93649A9A2D70D18500BA3B53 /* Check My MedsTests */ = {
			isa = PBXFileSystemSynchronizedRootGroup;
			path = "Check My MedsTests";
			sourceTree = "<group>";
		};
		93649AA42D70D18500BA3B53 /* Check My MedsUITests */ = {
			isa = PBXFileSystemSynchronizedRootGroup;
			path = "Check My MedsUITests";
			sourceTree = "<group>";
		};
/* End PBXFileSystemSynchronizedRootGroup section */

/* Begin PBXFrameworksBuildPhase section */
		93649A842D70D18400BA3B53 /* Frameworks */ = {
			isa = PBXFrameworksBuildPhase;
			buildActionMask = 2147483647;
			files = (
			);
			runOnlyForDeploymentPostprocessing = 0;
		};
		93649A942D70D18500BA3B53 /* Frameworks */ = {
			isa = PBXFrameworksBuildPhase;
			buildActionMask = 2147483647;
			files = (
			);
			runOnlyForDeploymentPostprocessing = 0;
		};
		93649A9E2D70D18500BA3B53 /* Frameworks */ = {
			isa = PBXFrameworksBuildPhase;
			buildActionMask = 2147483647;
			files = (
			);
			runOnlyForDeploymentPostprocessing = 0;
		};
/* End PBXFrameworksBuildPhase section */

/* Begin PBXGroup section */
		93649A7E2D70D18400BA3B53 = {
			isa = PBXGroup;
			children = (
				93E4819A2D79F8D10033AB7B /* .gitignore */,
				93649A892D70D18400BA3B53 /* Check My Meds */,
				93649A9A2D70D18500BA3B53 /* Check My MedsTests */,
				93649AA42D70D18500BA3B53 /* Check My MedsUITests */,
				93649A882D70D18400BA3B53 /* Products */,
			);
			sourceTree = "<group>";
		};
		93649A882D70D18400BA3B53 /* Products */ = {
			isa = PBXGroup;
			children = (
				93649A872D70D18400BA3B53 /* Check My Meds.app */,
				93649A972D70D18500BA3B53 /* Check My MedsTests.xctest */,
				93649AA12D70D18500BA3B53 /* Check My MedsUITests.xctest */,
			);
			name = Products;
			sourceTree = "<group>";
		};
/* End PBXGroup section */

/* Begin PBXNativeTarget section */
		93649A862D70D18400BA3B53 /* Check My Meds */ = {
			isa = PBXNativeTarget;
			buildConfigurationList = 93649AAB2D70D18500BA3B53 /* Build configuration list for PBXNativeTarget "Check My Meds" */;
			buildPhases = (
				93649A832D70D18400BA3B53 /* Sources */,
				93649A842D70D18400BA3B53 /* Frameworks */,
				93649A852D70D18400BA3B53 /* Resources */,
			);
			buildRules = (
			);
			dependencies = (
			);
			fileSystemSynchronizedGroups = (
				93649A892D70D18400BA3B53 /* Check My Meds */,
			);
			name = "Check My Meds";
			packageProductDependencies = (
			);
			productName = "Check My Meds";
			productReference = 93649A872D70D18400BA3B53 /* Check My Meds.app */;
			productType = "com.apple.product-type.application";
		};
		93649A962D70D18500BA3B53 /* Check My MedsTests */ = {
			isa = PBXNativeTarget;
			buildConfigurationList = 93649AAE2D70D18500BA3B53 /* Build configuration list for PBXNativeTarget "Check My MedsTests" */;
			buildPhases = (
				93649A932D70D18500BA3B53 /* Sources */,
				93649A942D70D18500BA3B53 /* Frameworks */,
				93649A952D70D18500BA3B53 /* Resources */,
			);
			buildRules = (
			);
			dependencies = (
				93649A992D70D18500BA3B53 /* PBXTargetDependency */,
			);
			fileSystemSynchronizedGroups = (
				93649A9A2D70D18500BA3B53 /* Check My MedsTests */,
			);
			name = "Check My MedsTests";
			packageProductDependencies = (
			);
			productName = "Check My MedsTests";
			productReference = 93649A972D70D18500BA3B53 /* Check My MedsTests.xctest */;
			productType = "com.apple.product-type.bundle.unit-test";
		};
		93649AA02D70D18500BA3B53 /* Check My MedsUITests */ = {
			isa = PBXNativeTarget;
			buildConfigurationList = 93649AB12D70D18500BA3B53 /* Build configuration list for PBXNativeTarget "Check My MedsUITests" */;
			buildPhases = (
				93649A9D2D70D18500BA3B53 /* Sources */,
				93649A9E2D70D18500BA3B53 /* Frameworks */,
				93649A9F2D70D18500BA3B53 /* Resources */,
			);
			buildRules = (
			);
			dependencies = (
				93649AA32D70D18500BA3B53 /* PBXTargetDependency */,
			);
			fileSystemSynchronizedGroups = (
				93649AA42D70D18500BA3B53 /* Check My MedsUITests */,
			);
			name = "Check My MedsUITests";
			packageProductDependencies = (
			);
			productName = "Check My MedsUITests";
			productReference = 93649AA12D70D18500BA3B53 /* Check My MedsUITests.xctest */;
			productType = "com.apple.product-type.bundle.ui-testing";
		};
/* End PBXNativeTarget section */

/* Begin PBXProject section */
		93649A7F2D70D18400BA3B53 /* Project object */ = {
			isa = PBXProject;
			attributes = {
				BuildIndependentTargetsInParallel = 1;
				LastSwiftUpdateCheck = 1620;
				LastUpgradeCheck = 1620;
				TargetAttributes = {
					93649A862D70D18400BA3B53 = {
						CreatedOnToolsVersion = 16.2;
					};
					93649A962D70D18500BA3B53 = {
						CreatedOnToolsVersion = 16.2;
						TestTargetID = 93649A862D70D18400BA3B53;
					};
					93649AA02D70D18500BA3B53 = {
						CreatedOnToolsVersion = 16.2;
						TestTargetID = 93649A862D70D18400BA3B53;
					};
				};
			};
			buildConfigurationList = 93649A822D70D18400BA3B53 /* Build configuration list for PBXProject "Check My Meds" */;
			developmentRegion = en;
			hasScannedForEncodings = 0;
			knownRegions = (
				en,
				Base,
			);
			mainGroup = 93649A7E2D70D18400BA3B53;
			minimizedProjectReferenceProxies = 1;
			preferredProjectObjectVersion = 77;
			productRefGroup = 93649A882D70D18400BA3B53 /* Products */;
			projectDirPath = "";
			projectRoot = "";
			targets = (
				93649A862D70D18400BA3B53 /* Check My Meds */,
				93649A962D70D18500BA3B53 /* Check My MedsTests */,
				93649AA02D70D18500BA3B53 /* Check My MedsUITests */,
			);
		};
/* End PBXProject section */

/* Begin PBXResourcesBuildPhase section */
		93649A852D70D18400BA3B53 /* Resources */ = {
			isa = PBXResourcesBuildPhase;
			buildActionMask = 2147483647;
			files = (
				93E4819B2D79F8E10033AB7B /* .gitignore in Resources */,
			);
			runOnlyForDeploymentPostprocessing = 0;
		};
		93649A952D70D18500BA3B53 /* Resources */ = {
			isa = PBXResourcesBuildPhase;
			buildActionMask = 2147483647;
			files = (
			);
			runOnlyForDeploymentPostprocessing = 0;
		};
		93649A9F2D70D18500BA3B53 /* Resources */ = {
			isa = PBXResourcesBuildPhase;
			buildActionMask = 2147483647;
			files = (
			);
			runOnlyForDeploymentPostprocessing = 0;
		};
/* End PBXResourcesBuildPhase section */

/* Begin PBXSourcesBuildPhase section */
		93649A832D70D18400BA3B53 /* Sources */ = {
			isa = PBXSourcesBuildPhase;
			buildActionMask = 2147483647;
			files = (
			);
			runOnlyForDeploymentPostprocessing = 0;
		};
		93649A932D70D18500BA3B53 /* Sources */ = {
			isa = PBXSourcesBuildPhase;
			buildActionMask = 2147483647;
			files = (
			);
			runOnlyForDeploymentPostprocessing = 0;
		};
		93649A9D2D70D18500BA3B53 /* Sources */ = {
			isa = PBXSourcesBuildPhase;
			buildActionMask = 2147483647;
			files = (
			);
			runOnlyForDeploymentPostprocessing = 0;
		};
/* End PBXSourcesBuildPhase section */

/* Begin PBXTargetDependency section */
		93649A992D70D18500BA3B53 /* PBXTargetDependency */ = {
			isa = PBXTargetDependency;
			target = 93649A862D70D18400BA3B53 /* Check My Meds */;
			targetProxy = 93649A982D70D18500BA3B53 /* PBXContainerItemProxy */;
		};
		93649AA32D70D18500BA3B53 /* PBXTargetDependency */ = {
			isa = PBXTargetDependency;
			target = 93649A862D70D18400BA3B53 /* Check My Meds */;
			targetProxy = 93649AA22D70D18500BA3B53 /* PBXContainerItemProxy */;
		};
/* End PBXTargetDependency section */

/* Begin XCBuildConfiguration section */
		93649AA92D70D18500BA3B53 /* Debug */ = {
			isa = XCBuildConfiguration;
			buildSettings = {
				ALWAYS_SEARCH_USER_PATHS = NO;
				ASSETCATALOG_COMPILER_GENERATE_SWIFT_ASSET_SYMBOL_EXTENSIONS = YES;
				CLANG_ANALYZER_NONNULL = YES;
				CLANG_ANALYZER_NUMBER_OBJECT_CONVERSION = YES_AGGRESSIVE;
				CLANG_CXX_LANGUAGE_STANDARD = "gnu++20";
				CLANG_ENABLE_MODULES = YES;
				CLANG_ENABLE_OBJC_ARC = YES;
				CLANG_ENABLE_OBJC_WEAK = YES;
				CLANG_WARN_BLOCK_CAPTURE_AUTORELEASING = YES;
				CLANG_WARN_BOOL_CONVERSION = YES;
				CLANG_WARN_COMMA = YES;
				CLANG_WARN_CONSTANT_CONVERSION = YES;
				CLANG_WARN_DEPRECATED_OBJC_IMPLEMENTATIONS = YES;
				CLANG_WARN_DIRECT_OBJC_ISA_USAGE = YES_ERROR;
				CLANG_WARN_DOCUMENTATION_COMMENTS = YES;
				CLANG_WARN_EMPTY_BODY = YES;
				CLANG_WARN_ENUM_CONVERSION = YES;
				CLANG_WARN_INFINITE_RECURSION = YES;
				CLANG_WARN_INT_CONVERSION = YES;
				CLANG_WARN_NON_LITERAL_NULL_CONVERSION = YES;
				CLANG_WARN_OBJC_IMPLICIT_RETAIN_SELF = YES;
				CLANG_WARN_OBJC_LITERAL_CONVERSION = YES;
				CLANG_WARN_OBJC_ROOT_CLASS = YES_ERROR;
				CLANG_WARN_QUOTED_INCLUDE_IN_FRAMEWORK_HEADER = YES;
				CLANG_WARN_RANGE_LOOP_ANALYSIS = YES;
				CLANG_WARN_STRICT_PROTOTYPES = YES;
				CLANG_WARN_SUSPICIOUS_MOVE = YES;
				CLANG_WARN_UNGUARDED_AVAILABILITY = YES_AGGRESSIVE;
				CLANG_WARN_UNREACHABLE_CODE = YES;
				CLANG_WARN__DUPLICATE_METHOD_MATCH = YES;
				COPY_PHASE_STRIP = NO;
				DEBUG_INFORMATION_FORMAT = dwarf;
				ENABLE_STRICT_OBJC_MSGSEND = YES;
				ENABLE_TESTABILITY = YES;
				ENABLE_USER_SCRIPT_SANDBOXING = YES;
				GCC_C_LANGUAGE_STANDARD = gnu17;
				GCC_DYNAMIC_NO_PIC = NO;
				GCC_NO_COMMON_BLOCKS = YES;
				GCC_OPTIMIZATION_LEVEL = 0;
				GCC_PREPROCESSOR_DEFINITIONS = (
					"DEBUG=1",
					"$(inherited)",
				);
				GCC_WARN_64_TO_32_BIT_CONVERSION = YES;
				GCC_WARN_ABOUT_RETURN_TYPE = YES_ERROR;
				GCC_WARN_UNDECLARED_SELECTOR = YES;
				GCC_WARN_UNINITIALIZED_AUTOS = YES_AGGRESSIVE;
				GCC_WARN_UNUSED_FUNCTION = YES;
				GCC_WARN_UNUSED_VARIABLE = YES;
				IPHONEOS_DEPLOYMENT_TARGET = 18.2;
				LOCALIZATION_PREFERS_STRING_CATALOGS = YES;
				MTL_ENABLE_DEBUG_INFO = INCLUDE_SOURCE;
				MTL_FAST_MATH = YES;
				ONLY_ACTIVE_ARCH = YES;
				SDKROOT = iphoneos;
				SWIFT_ACTIVE_COMPILATION_CONDITIONS = "DEBUG $(inherited)";
				SWIFT_OPTIMIZATION_LEVEL = "-Onone";
			};
			name = Debug;
		};
		93649AAA2D70D18500BA3B53 /* Release */ = {
			isa = XCBuildConfiguration;
			buildSettings = {
				ALWAYS_SEARCH_USER_PATHS = NO;
				ASSETCATALOG_COMPILER_GENERATE_SWIFT_ASSET_SYMBOL_EXTENSIONS = YES;
				CLANG_ANALYZER_NONNULL = YES;
				CLANG_ANALYZER_NUMBER_OBJECT_CONVERSION = YES_AGGRESSIVE;
				CLANG_CXX_LANGUAGE_STANDARD = "gnu++20";
				CLANG_ENABLE_MODULES = YES;
				CLANG_ENABLE_OBJC_ARC = YES;
				CLANG_ENABLE_OBJC_WEAK = YES;
				CLANG_WARN_BLOCK_CAPTURE_AUTORELEASING = YES;
				CLANG_WARN_BOOL_CONVERSION = YES;
				CLANG_WARN_COMMA = YES;
				CLANG_WARN_CONSTANT_CONVERSION = YES;
				CLANG_WARN_DEPRECATED_OBJC_IMPLEMENTATIONS = YES;
				CLANG_WARN_DIRECT_OBJC_ISA_USAGE = YES_ERROR;
				CLANG_WARN_DOCUMENTATION_COMMENTS = YES;
				CLANG_WARN_EMPTY_BODY = YES;
				CLANG_WARN_ENUM_CONVERSION = YES;
				CLANG_WARN_INFINITE_RECURSION = YES;
				CLANG_WARN_INT_CONVERSION = YES;
				CLANG_WARN_NON_LITERAL_NULL_CONVERSION = YES;
				CLANG_WARN_OBJC_IMPLICIT_RETAIN_SELF = YES;
				CLANG_WARN_OBJC_LITERAL_CONVERSION = YES;
				CLANG_WARN_OBJC_ROOT_CLASS = YES_ERROR;
				CLANG_WARN_QUOTED_INCLUDE_IN_FRAMEWORK_HEADER = YES;
				CLANG_WARN_RANGE_LOOP_ANALYSIS = YES;
				CLANG_WARN_STRICT_PROTOTYPES = YES;
				CLANG_WARN_SUSPICIOUS_MOVE = YES;
				CLANG_WARN_UNGUARDED_AVAILABILITY = YES_AGGRESSIVE;
				CLANG_WARN_UNREACHABLE_CODE = YES;
				CLANG_WARN__DUPLICATE_METHOD_MATCH = YES;
				COPY_PHASE_STRIP = NO;
				DEBUG_INFORMATION_FORMAT = "dwarf-with-dsym";
				ENABLE_NS_ASSERTIONS = NO;
				ENABLE_STRICT_OBJC_MSGSEND = YES;
				ENABLE_USER_SCRIPT_SANDBOXING = YES;
				GCC_C_LANGUAGE_STANDARD = gnu17;
				GCC_NO_COMMON_BLOCKS = YES;
				GCC_WARN_64_TO_32_BIT_CONVERSION = YES;
				GCC_WARN_ABOUT_RETURN_TYPE = YES_ERROR;
				GCC_WARN_UNDECLARED_SELECTOR = YES;
				GCC_WARN_UNINITIALIZED_AUTOS = YES_AGGRESSIVE;
				GCC_WARN_UNUSED_FUNCTION = YES;
				GCC_WARN_UNUSED_VARIABLE = YES;
				IPHONEOS_DEPLOYMENT_TARGET = 18.2;
				LOCALIZATION_PREFERS_STRING_CATALOGS = YES;
				MTL_ENABLE_DEBUG_INFO = NO;
				MTL_FAST_MATH = YES;
				SDKROOT = iphoneos;
				SWIFT_COMPILATION_MODE = wholemodule;
				VALIDATE_PRODUCT = YES;
			};
			name = Release;
		};
		93649AAC2D70D18500BA3B53 /* Debug */ = {
			isa = XCBuildConfiguration;
			buildSettings = {
				ASSETCATALOG_COMPILER_APPICON_NAME = AppIcon;
				ASSETCATALOG_COMPILER_GLOBAL_ACCENT_COLOR_NAME = AccentColor;
				CODE_SIGN_STYLE = Automatic;
				CURRENT_PROJECT_VERSION = 1;
				DEVELOPMENT_ASSET_PATHS = "\"Check My Meds/Preview Content\"";
				DEVELOPMENT_TEAM = 5QKQQJBKT2;
				ENABLE_PREVIEWS = YES;
				GENERATE_INFOPLIST_FILE = YES;
				INFOPLIST_KEY_UIApplicationSceneManifest_Generation = YES;
				INFOPLIST_KEY_UIApplicationSupportsIndirectInputEvents = YES;
				INFOPLIST_KEY_UILaunchScreen_Generation = YES;
				INFOPLIST_KEY_UISupportedInterfaceOrientations_iPad = "UIInterfaceOrientationPortrait UIInterfaceOrientationPortraitUpsideDown UIInterfaceOrientationLandscapeLeft UIInterfaceOrientationLandscapeRight";
				INFOPLIST_KEY_UISupportedInterfaceOrientations_iPhone = "UIInterfaceOrientationPortrait UIInterfaceOrientationLandscapeLeft UIInterfaceOrientationLandscapeRight";
				LD_RUNPATH_SEARCH_PATHS = (
					"$(inherited)",
					"@executable_path/Frameworks",
				);
				MARKETING_VERSION = 1.0;
				PRODUCT_BUNDLE_IDENTIFIER = "com.nibirkit.Check-My-Meds";
				PRODUCT_NAME = "$(TARGET_NAME)";
				SWIFT_EMIT_LOC_STRINGS = YES;
				SWIFT_VERSION = 5.0;
				TARGETED_DEVICE_FAMILY = "1,2";
			};
			name = Debug;
		};
		93649AAD2D70D18500BA3B53 /* Release */ = {
			isa = XCBuildConfiguration;
			buildSettings = {
				ASSETCATALOG_COMPILER_APPICON_NAME = AppIcon;
				ASSETCATALOG_COMPILER_GLOBAL_ACCENT_COLOR_NAME = AccentColor;
				CODE_SIGN_STYLE = Automatic;
				CURRENT_PROJECT_VERSION = 1;
				DEVELOPMENT_ASSET_PATHS = "\"Check My Meds/Preview Content\"";
				DEVELOPMENT_TEAM = 5QKQQJBKT2;
				ENABLE_PREVIEWS = YES;
				GENERATE_INFOPLIST_FILE = YES;
				INFOPLIST_KEY_UIApplicationSceneManifest_Generation = YES;
				INFOPLIST_KEY_UIApplicationSupportsIndirectInputEvents = YES;
				INFOPLIST_KEY_UILaunchScreen_Generation = YES;
				INFOPLIST_KEY_UISupportedInterfaceOrientations_iPad = "UIInterfaceOrientationPortrait UIInterfaceOrientationPortraitUpsideDown UIInterfaceOrientationLandscapeLeft UIInterfaceOrientationLandscapeRight";
				INFOPLIST_KEY_UISupportedInterfaceOrientations_iPhone = "UIInterfaceOrientationPortrait UIInterfaceOrientationLandscapeLeft UIInterfaceOrientationLandscapeRight";
				LD_RUNPATH_SEARCH_PATHS = (
					"$(inherited)",
					"@executable_path/Frameworks",
				);
				MARKETING_VERSION = 1.0;
				PRODUCT_BUNDLE_IDENTIFIER = "com.nibirkit.Check-My-Meds";
				PRODUCT_NAME = "$(TARGET_NAME)";
				SWIFT_EMIT_LOC_STRINGS = YES;
				SWIFT_VERSION = 5.0;
				TARGETED_DEVICE_FAMILY = "1,2";
			};
			name = Release;
		};
		93649AAF2D70D18500BA3B53 /* Debug */ = {
			isa = XCBuildConfiguration;
			buildSettings = {
				BUNDLE_LOADER = "$(TEST_HOST)";
				CODE_SIGN_STYLE = Automatic;
				CURRENT_PROJECT_VERSION = 1;
				DEVELOPMENT_TEAM = 5QKQQJBKT2;
				GENERATE_INFOPLIST_FILE = YES;
				IPHONEOS_DEPLOYMENT_TARGET = 18.2;
				MARKETING_VERSION = 1.0;
				PRODUCT_BUNDLE_IDENTIFIER = "com.nibirkit.Check-My-MedsTests";
				PRODUCT_NAME = "$(TARGET_NAME)";
				SWIFT_EMIT_LOC_STRINGS = NO;
				SWIFT_VERSION = 5.0;
				TARGETED_DEVICE_FAMILY = "1,2";
				TEST_HOST = "$(BUILT_PRODUCTS_DIR)/Check My Meds.app/$(BUNDLE_EXECUTABLE_FOLDER_PATH)/Check My Meds";
			};
			name = Debug;
		};
		93649AB02D70D18500BA3B53 /* Release */ = {
			isa = XCBuildConfiguration;
			buildSettings = {
				BUNDLE_LOADER = "$(TEST_HOST)";
				CODE_SIGN_STYLE = Automatic;
				CURRENT_PROJECT_VERSION = 1;
				DEVELOPMENT_TEAM = 5QKQQJBKT2;
				GENERATE_INFOPLIST_FILE = YES;
				IPHONEOS_DEPLOYMENT_TARGET = 18.2;
				MARKETING_VERSION = 1.0;
				PRODUCT_BUNDLE_IDENTIFIER = "com.nibirkit.Check-My-MedsTests";
				PRODUCT_NAME = "$(TARGET_NAME)";
				SWIFT_EMIT_LOC_STRINGS = NO;
				SWIFT_VERSION = 5.0;
				TARGETED_DEVICE_FAMILY = "1,2";
				TEST_HOST = "$(BUILT_PRODUCTS_DIR)/Check My Meds.app/$(BUNDLE_EXECUTABLE_FOLDER_PATH)/Check My Meds";
			};
			name = Release;
		};
		93649AB22D70D18500BA3B53 /* Debug */ = {
			isa = XCBuildConfiguration;
			buildSettings = {
				CODE_SIGN_STYLE = Automatic;
				CURRENT_PROJECT_VERSION = 1;
				DEVELOPMENT_TEAM = 5QKQQJBKT2;
				GENERATE_INFOPLIST_FILE = YES;
				MARKETING_VERSION = 1.0;
				PRODUCT_BUNDLE_IDENTIFIER = "com.nibirkit.Check-My-MedsUITests";
				PRODUCT_NAME = "$(TARGET_NAME)";
				SWIFT_EMIT_LOC_STRINGS = NO;
				SWIFT_VERSION = 5.0;
				TARGETED_DEVICE_FAMILY = "1,2";
				TEST_TARGET_NAME = "Check My Meds";
			};
			name = Debug;
		};
		93649AB32D70D18500BA3B53 /* Release */ = {
			isa = XCBuildConfiguration;
			buildSettings = {
				CODE_SIGN_STYLE = Automatic;
				CURRENT_PROJECT_VERSION = 1;
				DEVELOPMENT_TEAM = 5QKQQJBKT2;
				GENERATE_INFOPLIST_FILE = YES;
				MARKETING_VERSION = 1.0;
				PRODUCT_BUNDLE_IDENTIFIER = "com.nibirkit.Check-My-MedsUITests";
				PRODUCT_NAME = "$(TARGET_NAME)";
				SWIFT_EMIT_LOC_STRINGS = NO;
				SWIFT_VERSION = 5.0;
				TARGETED_DEVICE_FAMILY = "1,2";
				TEST_TARGET_NAME = "Check My Meds";
			};
			name = Release;
		};
/* End XCBuildConfiguration section */

/* Begin XCConfigurationList section */
		93649A822D70D18400BA3B53 /* Build configuration list for PBXProject "Check My Meds" */ = {
			isa = XCConfigurationList;
			buildConfigurations = (
				93649AA92D70D18500BA3B53 /* Debug */,
				93649AAA2D70D18500BA3B53 /* Release */,
			);
			defaultConfigurationIsVisible = 0;
			defaultConfigurationName = Release;
		};
		93649AAB2D70D18500BA3B53 /* Build configuration list for PBXNativeTarget "Check My Meds" */ = {
			isa = XCConfigurationList;
			buildConfigurations = (
				93649AAC2D70D18500BA3B53 /* Debug */,
				93649AAD2D70D18500BA3B53 /* Release */,
			);
			defaultConfigurationIsVisible = 0;
			defaultConfigurationName = Release;
		};
		93649AAE2D70D18500BA3B53 /* Build configuration list for PBXNativeTarget "Check My MedsTests" */ = {
			isa = XCConfigurationList;
			buildConfigurations = (
				93649AAF2D70D18500BA3B53 /* Debug */,
				93649AB02D70D18500BA3B53 /* Release */,
			);
			defaultConfigurationIsVisible = 0;
			defaultConfigurationName = Release;
		};
		93649AB12D70D18500BA3B53 /* Build configuration list for PBXNativeTarget "Check My MedsUITests" */ = {
			isa = XCConfigurationList;
			buildConfigurations = (
				93649AB22D70D18500BA3B53 /* Debug */,
				93649AB32D70D18500BA3B53 /* Release */,
			);
			defaultConfigurationIsVisible = 0;
			defaultConfigurationName = Release;
		};
/* End XCConfigurationList section */
	};
	rootObject = 93649A7F2D70D18400BA3B53 /* Project object */;
}
